// !$*UTF8*$!
{
	archiveVersion = 1;
	classes = {
	};
	objectVersion = 50;
	objects = {

/* Begin PBXBuildFile section */
		6E997C2EDF75CCF19355FFC8 /* Pods_ARMagicTests.framework in Frameworks */ = {isa = PBXBuildFile; fileRef = 956FD680F8802591B5BC0FBB /* Pods_ARMagicTests.framework */; };
		890D4F2DAB5ECBFEBA71D78F /* Pods_ARMagicUITests.framework in Frameworks */ = {isa = PBXBuildFile; fileRef = 245D98274519F50DD6299562 /* Pods_ARMagicUITests.framework */; };
		900CECAD20BEF63900F9AC7B /* Extension.swift in Sources */ = {isa = PBXBuildFile; fileRef = 900CECAC20BEF63900F9AC7B /* Extension.swift */; };
		900CECAF20BF4C7800F9AC7B /* Service.swift in Sources */ = {isa = PBXBuildFile; fileRef = 900CECAE20BF4C7800F9AC7B /* Service.swift */; };
		90C6B8D420BDF9CF00385068 /* AppDelegate.swift in Sources */ = {isa = PBXBuildFile; fileRef = 90C6B8D320BDF9CF00385068 /* AppDelegate.swift */; };
		90C6B8DB20BDF9D000385068 /* Assets.xcassets in Resources */ = {isa = PBXBuildFile; fileRef = 90C6B8DA20BDF9D000385068 /* Assets.xcassets */; };
		90C6B8DE20BDF9D000385068 /* LaunchScreen.storyboard in Resources */ = {isa = PBXBuildFile; fileRef = 90C6B8DC20BDF9D000385068 /* LaunchScreen.storyboard */; };
		90C6B8E920BDF9D000385068 /* ARMagicTests.swift in Sources */ = {isa = PBXBuildFile; fileRef = 90C6B8E820BDF9D000385068 /* ARMagicTests.swift */; };
		90C6B8F420BDF9D000385068 /* ARMagicUITests.swift in Sources */ = {isa = PBXBuildFile; fileRef = 90C6B8F320BDF9D000385068 /* ARMagicUITests.swift */; };
		90C6B90220BDFB1700385068 /* GameViewController.swift in Sources */ = {isa = PBXBuildFile; fileRef = 90C6B90120BDFB1700385068 /* GameViewController.swift */; };
		A69617DADE5ED63964CC12CA /* Pods_ARMagic.framework in Frameworks */ = {isa = PBXBuildFile; fileRef = 3321237E274449BB84D1362A /* Pods_ARMagic.framework */; };
/* End PBXBuildFile section */

/* Begin PBXContainerItemProxy section */
		90C6B8E520BDF9D000385068 /* PBXContainerItemProxy */ = {
			isa = PBXContainerItemProxy;
			containerPortal = 90C6B8C820BDF9CF00385068 /* Project object */;
			proxyType = 1;
			remoteGlobalIDString = 90C6B8CF20BDF9CF00385068;
			remoteInfo = ARMagic;
		};
		90C6B8F020BDF9D000385068 /* PBXContainerItemProxy */ = {
			isa = PBXContainerItemProxy;
			containerPortal = 90C6B8C820BDF9CF00385068 /* Project object */;
			proxyType = 1;
			remoteGlobalIDString = 90C6B8CF20BDF9CF00385068;
			remoteInfo = ARMagic;
		};
/* End PBXContainerItemProxy section */

/* Begin PBXFileReference section */
		063AA0754C1D5F7D917F2FAD /* Pods-ARMagic.debug.xcconfig */ = {isa = PBXFileReference; includeInIndex = 1; lastKnownFileType = text.xcconfig; name = "Pods-ARMagic.debug.xcconfig"; path = "Pods/Target Support Files/Pods-ARMagic/Pods-ARMagic.debug.xcconfig"; sourceTree = "<group>"; };
		0F93AEB073EC975A3CFF41BF /* Pods-ARMagic.release.xcconfig */ = {isa = PBXFileReference; includeInIndex = 1; lastKnownFileType = text.xcconfig; name = "Pods-ARMagic.release.xcconfig"; path = "Pods/Target Support Files/Pods-ARMagic/Pods-ARMagic.release.xcconfig"; sourceTree = "<group>"; };
		132E48834202CE547DD3D70A /* Pods-ARMagicUITests.release.xcconfig */ = {isa = PBXFileReference; includeInIndex = 1; lastKnownFileType = text.xcconfig; name = "Pods-ARMagicUITests.release.xcconfig"; path = "Pods/Target Support Files/Pods-ARMagicUITests/Pods-ARMagicUITests.release.xcconfig"; sourceTree = "<group>"; };
		245D98274519F50DD6299562 /* Pods_ARMagicUITests.framework */ = {isa = PBXFileReference; explicitFileType = wrapper.framework; includeInIndex = 0; path = Pods_ARMagicUITests.framework; sourceTree = BUILT_PRODUCTS_DIR; };
		3321237E274449BB84D1362A /* Pods_ARMagic.framework */ = {isa = PBXFileReference; explicitFileType = wrapper.framework; includeInIndex = 0; path = Pods_ARMagic.framework; sourceTree = BUILT_PRODUCTS_DIR; };
		49347719327DE9691732EC2B /* Pods-ARMagicUITests.debug.xcconfig */ = {isa = PBXFileReference; includeInIndex = 1; lastKnownFileType = text.xcconfig; name = "Pods-ARMagicUITests.debug.xcconfig"; path = "Pods/Target Support Files/Pods-ARMagicUITests/Pods-ARMagicUITests.debug.xcconfig"; sourceTree = "<group>"; };
		900CECAC20BEF63900F9AC7B /* Extension.swift */ = {isa = PBXFileReference; lastKnownFileType = sourcecode.swift; path = Extension.swift; sourceTree = "<group>"; };
		900CECAE20BF4C7800F9AC7B /* Service.swift */ = {isa = PBXFileReference; lastKnownFileType = sourcecode.swift; path = Service.swift; sourceTree = "<group>"; };
		90C6B8D020BDF9CF00385068 /* ARMagic.app */ = {isa = PBXFileReference; explicitFileType = wrapper.application; includeInIndex = 0; path = ARMagic.app; sourceTree = BUILT_PRODUCTS_DIR; };
		90C6B8D320BDF9CF00385068 /* AppDelegate.swift */ = {isa = PBXFileReference; lastKnownFileType = sourcecode.swift; path = AppDelegate.swift; sourceTree = "<group>"; };
		90C6B8DA20BDF9D000385068 /* Assets.xcassets */ = {isa = PBXFileReference; lastKnownFileType = folder.assetcatalog; path = Assets.xcassets; sourceTree = "<group>"; };
		90C6B8DD20BDF9D000385068 /* Base */ = {isa = PBXFileReference; lastKnownFileType = file.storyboard; name = Base; path = Base.lproj/LaunchScreen.storyboard; sourceTree = "<group>"; };
		90C6B8DF20BDF9D000385068 /* Info.plist */ = {isa = PBXFileReference; lastKnownFileType = text.plist.xml; path = Info.plist; sourceTree = "<group>"; };
		90C6B8E420BDF9D000385068 /* ARMagicTests.xctest */ = {isa = PBXFileReference; explicitFileType = wrapper.cfbundle; includeInIndex = 0; path = ARMagicTests.xctest; sourceTree = BUILT_PRODUCTS_DIR; };
		90C6B8E820BDF9D000385068 /* ARMagicTests.swift */ = {isa = PBXFileReference; lastKnownFileType = sourcecode.swift; path = ARMagicTests.swift; sourceTree = "<group>"; };
		90C6B8EA20BDF9D000385068 /* Info.plist */ = {isa = PBXFileReference; lastKnownFileType = text.plist.xml; path = Info.plist; sourceTree = "<group>"; };
		90C6B8EF20BDF9D000385068 /* ARMagicUITests.xctest */ = {isa = PBXFileReference; explicitFileType = wrapper.cfbundle; includeInIndex = 0; path = ARMagicUITests.xctest; sourceTree = BUILT_PRODUCTS_DIR; };
		90C6B8F320BDF9D000385068 /* ARMagicUITests.swift */ = {isa = PBXFileReference; lastKnownFileType = sourcecode.swift; path = ARMagicUITests.swift; sourceTree = "<group>"; };
		90C6B8F520BDF9D000385068 /* Info.plist */ = {isa = PBXFileReference; lastKnownFileType = text.plist.xml; path = Info.plist; sourceTree = "<group>"; };
		90C6B90120BDFB1700385068 /* GameViewController.swift */ = {isa = PBXFileReference; lastKnownFileType = sourcecode.swift; path = GameViewController.swift; sourceTree = "<group>"; };
		956FD680F8802591B5BC0FBB /* Pods_ARMagicTests.framework */ = {isa = PBXFileReference; explicitFileType = wrapper.framework; includeInIndex = 0; path = Pods_ARMagicTests.framework; sourceTree = BUILT_PRODUCTS_DIR; };
		B0A1B5861F4FAF4DDA088338 /* Pods-ARMagicTests.release.xcconfig */ = {isa = PBXFileReference; includeInIndex = 1; lastKnownFileType = text.xcconfig; name = "Pods-ARMagicTests.release.xcconfig"; path = "Pods/Target Support Files/Pods-ARMagicTests/Pods-ARMagicTests.release.xcconfig"; sourceTree = "<group>"; };
		DC7C699E2FB597E5D9851DF2 /* Pods-ARMagicTests.debug.xcconfig */ = {isa = PBXFileReference; includeInIndex = 1; lastKnownFileType = text.xcconfig; name = "Pods-ARMagicTests.debug.xcconfig"; path = "Pods/Target Support Files/Pods-ARMagicTests/Pods-ARMagicTests.debug.xcconfig"; sourceTree = "<group>"; };
/* End PBXFileReference section */

/* Begin PBXFrameworksBuildPhase section */
		90C6B8CD20BDF9CF00385068 /* Frameworks */ = {
			isa = PBXFrameworksBuildPhase;
			buildActionMask = 2147483647;
			files = (
				A69617DADE5ED63964CC12CA /* Pods_ARMagic.framework in Frameworks */,
			);
			runOnlyForDeploymentPostprocessing = 0;
		};
		90C6B8E120BDF9D000385068 /* Frameworks */ = {
			isa = PBXFrameworksBuildPhase;
			buildActionMask = 2147483647;
			files = (
				6E997C2EDF75CCF19355FFC8 /* Pods_ARMagicTests.framework in Frameworks */,
			);
			runOnlyForDeploymentPostprocessing = 0;
		};
		90C6B8EC20BDF9D000385068 /* Frameworks */ = {
			isa = PBXFrameworksBuildPhase;
			buildActionMask = 2147483647;
			files = (
				890D4F2DAB5ECBFEBA71D78F /* Pods_ARMagicUITests.framework in Frameworks */,
			);
			runOnlyForDeploymentPostprocessing = 0;
		};
/* End PBXFrameworksBuildPhase section */

/* Begin PBXGroup section */
		90C6B8C720BDF9CF00385068 = {
			isa = PBXGroup;
			children = (
				90C6B8D220BDF9CF00385068 /* ARMagic */,
				90C6B8E720BDF9D000385068 /* ARMagicTests */,
				90C6B8F220BDF9D000385068 /* ARMagicUITests */,
				90C6B8D120BDF9CF00385068 /* Products */,
				AB98528F60A73D807D06C06B /* Pods */,
				C613990480C8AC7261DA7FC2 /* Frameworks */,
			);
			sourceTree = "<group>";
		};
		90C6B8D120BDF9CF00385068 /* Products */ = {
			isa = PBXGroup;
			children = (
				90C6B8D020BDF9CF00385068 /* ARMagic.app */,
				90C6B8E420BDF9D000385068 /* ARMagicTests.xctest */,
				90C6B8EF20BDF9D000385068 /* ARMagicUITests.xctest */,
			);
			name = Products;
			sourceTree = "<group>";
		};
		90C6B8D220BDF9CF00385068 /* ARMagic */ = {
			isa = PBXGroup;
			children = (
				90C6B8D320BDF9CF00385068 /* AppDelegate.swift */,
				90C6B8DA20BDF9D000385068 /* Assets.xcassets */,
				90C6B8DC20BDF9D000385068 /* LaunchScreen.storyboard */,
				90C6B8DF20BDF9D000385068 /* Info.plist */,
				90C6B90120BDFB1700385068 /* GameViewController.swift */,
				900CECAC20BEF63900F9AC7B /* Extension.swift */,
				900CECAE20BF4C7800F9AC7B /* Service.swift */,
			);
			path = ARMagic;
			sourceTree = "<group>";
		};
		90C6B8E720BDF9D000385068 /* ARMagicTests */ = {
			isa = PBXGroup;
			children = (
				90C6B8E820BDF9D000385068 /* ARMagicTests.swift */,
				90C6B8EA20BDF9D000385068 /* Info.plist */,
			);
			path = ARMagicTests;
			sourceTree = "<group>";
		};
		90C6B8F220BDF9D000385068 /* ARMagicUITests */ = {
			isa = PBXGroup;
			children = (
				90C6B8F320BDF9D000385068 /* ARMagicUITests.swift */,
				90C6B8F520BDF9D000385068 /* Info.plist */,
			);
			path = ARMagicUITests;
			sourceTree = "<group>";
		};
		AB98528F60A73D807D06C06B /* Pods */ = {
			isa = PBXGroup;
			children = (
				063AA0754C1D5F7D917F2FAD /* Pods-ARMagic.debug.xcconfig */,
				0F93AEB073EC975A3CFF41BF /* Pods-ARMagic.release.xcconfig */,
				DC7C699E2FB597E5D9851DF2 /* Pods-ARMagicTests.debug.xcconfig */,
				B0A1B5861F4FAF4DDA088338 /* Pods-ARMagicTests.release.xcconfig */,
				49347719327DE9691732EC2B /* Pods-ARMagicUITests.debug.xcconfig */,
				132E48834202CE547DD3D70A /* Pods-ARMagicUITests.release.xcconfig */,
			);
			name = Pods;
			sourceTree = "<group>";
		};
		C613990480C8AC7261DA7FC2 /* Frameworks */ = {
			isa = PBXGroup;
			children = (
				3321237E274449BB84D1362A /* Pods_ARMagic.framework */,
				956FD680F8802591B5BC0FBB /* Pods_ARMagicTests.framework */,
				245D98274519F50DD6299562 /* Pods_ARMagicUITests.framework */,
			);
			name = Frameworks;
			sourceTree = "<group>";
		};
/* End PBXGroup section */

/* Begin PBXNativeTarget section */
		90C6B8CF20BDF9CF00385068 /* ARMagic */ = {
			isa = PBXNativeTarget;
			buildConfigurationList = 90C6B8F820BDF9D000385068 /* Build configuration list for PBXNativeTarget "ARMagic" */;
			buildPhases = (
				78A08DC92E3281E0DFF5F2CD /* [CP] Check Pods Manifest.lock */,
				90C6B8CC20BDF9CF00385068 /* Sources */,
				90C6B8CD20BDF9CF00385068 /* Frameworks */,
				90C6B8CE20BDF9CF00385068 /* Resources */,
				6B94603132F7E77D9FAA4788 /* [CP] Embed Pods Frameworks */,
			);
			buildRules = (
			);
			dependencies = (
			);
			name = ARMagic;
			productName = ARMagic;
			productReference = 90C6B8D020BDF9CF00385068 /* ARMagic.app */;
			productType = "com.apple.product-type.application";
		};
		90C6B8E320BDF9D000385068 /* ARMagicTests */ = {
			isa = PBXNativeTarget;
			buildConfigurationList = 90C6B8FB20BDF9D000385068 /* Build configuration list for PBXNativeTarget "ARMagicTests" */;
			buildPhases = (
				5847FB7FAD401D519FB589D5 /* [CP] Check Pods Manifest.lock */,
				90C6B8E020BDF9D000385068 /* Sources */,
				90C6B8E120BDF9D000385068 /* Frameworks */,
				90C6B8E220BDF9D000385068 /* Resources */,
			);
			buildRules = (
			);
			dependencies = (
				90C6B8E620BDF9D000385068 /* PBXTargetDependency */,
			);
			name = ARMagicTests;
			productName = ARMagicTests;
			productReference = 90C6B8E420BDF9D000385068 /* ARMagicTests.xctest */;
			productType = "com.apple.product-type.bundle.unit-test";
		};
		90C6B8EE20BDF9D000385068 /* ARMagicUITests */ = {
			isa = PBXNativeTarget;
			buildConfigurationList = 90C6B8FE20BDF9D000385068 /* Build configuration list for PBXNativeTarget "ARMagicUITests" */;
			buildPhases = (
				98609045B926285258C85AE4 /* [CP] Check Pods Manifest.lock */,
				90C6B8EB20BDF9D000385068 /* Sources */,
				90C6B8EC20BDF9D000385068 /* Frameworks */,
				90C6B8ED20BDF9D000385068 /* Resources */,
			);
			buildRules = (
			);
			dependencies = (
				90C6B8F120BDF9D000385068 /* PBXTargetDependency */,
			);
			name = ARMagicUITests;
			productName = ARMagicUITests;
			productReference = 90C6B8EF20BDF9D000385068 /* ARMagicUITests.xctest */;
			productType = "com.apple.product-type.bundle.ui-testing";
		};
/* End PBXNativeTarget section */

/* Begin PBXProject section */
		90C6B8C820BDF9CF00385068 /* Project object */ = {
			isa = PBXProject;
			attributes = {
				LastSwiftUpdateCheck = 0940;
				LastUpgradeCheck = 0940;
				ORGANIZATIONNAME = DerekMacbook;
				TargetAttributes = {
					90C6B8CF20BDF9CF00385068 = {
						CreatedOnToolsVersion = 9.4;
					};
					90C6B8E320BDF9D000385068 = {
						CreatedOnToolsVersion = 9.4;
						TestTargetID = 90C6B8CF20BDF9CF00385068;
					};
					90C6B8EE20BDF9D000385068 = {
						CreatedOnToolsVersion = 9.4;
						TestTargetID = 90C6B8CF20BDF9CF00385068;
					};
				};
			};
			buildConfigurationList = 90C6B8CB20BDF9CF00385068 /* Build configuration list for PBXProject "ARMagic" */;
			compatibilityVersion = "Xcode 9.3";
			developmentRegion = en;
			hasScannedForEncodings = 0;
			knownRegions = (
				en,
				Base,
			);
			mainGroup = 90C6B8C720BDF9CF00385068;
			productRefGroup = 90C6B8D120BDF9CF00385068 /* Products */;
			projectDirPath = "";
			projectRoot = "";
			targets = (
				90C6B8CF20BDF9CF00385068 /* ARMagic */,
				90C6B8E320BDF9D000385068 /* ARMagicTests */,
				90C6B8EE20BDF9D000385068 /* ARMagicUITests */,
			);
		};
/* End PBXProject section */

/* Begin PBXResourcesBuildPhase section */
		90C6B8CE20BDF9CF00385068 /* Resources */ = {
			isa = PBXResourcesBuildPhase;
			buildActionMask = 2147483647;
			files = (
				90C6B8DE20BDF9D000385068 /* LaunchScreen.storyboard in Resources */,
				90C6B8DB20BDF9D000385068 /* Assets.xcassets in Resources */,
			);
			runOnlyForDeploymentPostprocessing = 0;
		};
		90C6B8E220BDF9D000385068 /* Resources */ = {
			isa = PBXResourcesBuildPhase;
			buildActionMask = 2147483647;
			files = (
			);
			runOnlyForDeploymentPostprocessing = 0;
		};
		90C6B8ED20BDF9D000385068 /* Resources */ = {
			isa = PBXResourcesBuildPhase;
			buildActionMask = 2147483647;
			files = (
			);
			runOnlyForDeploymentPostprocessing = 0;
		};
/* End PBXResourcesBuildPhase section */

/* Begin PBXShellScriptBuildPhase section */
		5847FB7FAD401D519FB589D5 /* [CP] Check Pods Manifest.lock */ = {
			isa = PBXShellScriptBuildPhase;
			buildActionMask = 2147483647;
			files = (
			);
			inputPaths = (
				"${PODS_PODFILE_DIR_PATH}/Podfile.lock",
				"${PODS_ROOT}/Manifest.lock",
			);
			name = "[CP] Check Pods Manifest.lock";
			outputPaths = (
				"$(DERIVED_FILE_DIR)/Pods-ARMagicTests-checkManifestLockResult.txt",
			);
			runOnlyForDeploymentPostprocessing = 0;
			shellPath = /bin/sh;
			shellScript = "diff \"${PODS_PODFILE_DIR_PATH}/Podfile.lock\" \"${PODS_ROOT}/Manifest.lock\" > /dev/null\nif [ $? != 0 ] ; then\n    # print error to STDERR\n    echo \"error: The sandbox is not in sync with the Podfile.lock. Run 'pod install' or update your CocoaPods installation.\" >&2\n    exit 1\nfi\n# This output is used by Xcode 'outputs' to avoid re-running this script phase.\necho \"SUCCESS\" > \"${SCRIPT_OUTPUT_FILE_0}\"\n";
			showEnvVarsInLog = 0;
		};
		6B94603132F7E77D9FAA4788 /* [CP] Embed Pods Frameworks */ = {
			isa = PBXShellScriptBuildPhase;
			buildActionMask = 2147483647;
			files = (
			);
			inputPaths = (
				"${SRCROOT}/Pods/Target Support Files/Pods-ARMagic/Pods-ARMagic-frameworks.sh",
				"${BUILT_PRODUCTS_DIR}/LBTAComponents/LBTAComponents.framework",
			);
			name = "[CP] Embed Pods Frameworks";
			outputPaths = (
				"${TARGET_BUILD_DIR}/${FRAMEWORKS_FOLDER_PATH}/LBTAComponents.framework",
			);
			runOnlyForDeploymentPostprocessing = 0;
			shellPath = /bin/sh;
			shellScript = "\"${SRCROOT}/Pods/Target Support Files/Pods-ARMagic/Pods-ARMagic-frameworks.sh\"\n";
			showEnvVarsInLog = 0;
		};
		78A08DC92E3281E0DFF5F2CD /* [CP] Check Pods Manifest.lock */ = {
			isa = PBXShellScriptBuildPhase;
			buildActionMask = 2147483647;
			files = (
			);
			inputPaths = (
				"${PODS_PODFILE_DIR_PATH}/Podfile.lock",
				"${PODS_ROOT}/Manifest.lock",
			);
			name = "[CP] Check Pods Manifest.lock";
			outputPaths = (
				"$(DERIVED_FILE_DIR)/Pods-ARMagic-checkManifestLockResult.txt",
			);
			runOnlyForDeploymentPostprocessing = 0;
			shellPath = /bin/sh;
			shellScript = "diff \"${PODS_PODFILE_DIR_PATH}/Podfile.lock\" \"${PODS_ROOT}/Manifest.lock\" > /dev/null\nif [ $? != 0 ] ; then\n    # print error to STDERR\n    echo \"error: The sandbox is not in sync with the Podfile.lock. Run 'pod install' or update your CocoaPods installation.\" >&2\n    exit 1\nfi\n# This output is used by Xcode 'outputs' to avoid re-running this script phase.\necho \"SUCCESS\" > \"${SCRIPT_OUTPUT_FILE_0}\"\n";
			showEnvVarsInLog = 0;
		};
		98609045B926285258C85AE4 /* [CP] Check Pods Manifest.lock */ = {
			isa = PBXShellScriptBuildPhase;
			buildActionMask = 2147483647;
			files = (
			);
			inputPaths = (
				"${PODS_PODFILE_DIR_PATH}/Podfile.lock",
				"${PODS_ROOT}/Manifest.lock",
			);
			name = "[CP] Check Pods Manifest.lock";
			outputPaths = (
				"$(DERIVED_FILE_DIR)/Pods-ARMagicUITests-checkManifestLockResult.txt",
			);
			runOnlyForDeploymentPostprocessing = 0;
			shellPath = /bin/sh;
			shellScript = "diff \"${PODS_PODFILE_DIR_PATH}/Podfile.lock\" \"${PODS_ROOT}/Manifest.lock\" > /dev/null\nif [ $? != 0 ] ; then\n    # print error to STDERR\n    echo \"error: The sandbox is not in sync with the Podfile.lock. Run 'pod install' or update your CocoaPods installation.\" >&2\n    exit 1\nfi\n# This output is used by Xcode 'outputs' to avoid re-running this script phase.\necho \"SUCCESS\" > \"${SCRIPT_OUTPUT_FILE_0}\"\n";
			showEnvVarsInLog = 0;
		};
/* End PBXShellScriptBuildPhase section */

/* Begin PBXSourcesBuildPhase section */
		90C6B8CC20BDF9CF00385068 /* Sources */ = {
			isa = PBXSourcesBuildPhase;
			buildActionMask = 2147483647;
			files = (
				900CECAD20BEF63900F9AC7B /* Extension.swift in Sources */,
				900CECAF20BF4C7800F9AC7B /* Service.swift in Sources */,
				90C6B90220BDFB1700385068 /* GameViewController.swift in Sources */,
				90C6B8D420BDF9CF00385068 /* AppDelegate.swift in Sources */,
			);
			runOnlyForDeploymentPostprocessing = 0;
		};
		90C6B8E020BDF9D000385068 /* Sources */ = {
			isa = PBXSourcesBuildPhase;
			buildActionMask = 2147483647;
			files = (
				90C6B8E920BDF9D000385068 /* ARMagicTests.swift in Sources */,
			);
			runOnlyForDeploymentPostprocessing = 0;
		};
		90C6B8EB20BDF9D000385068 /* Sources */ = {
			isa = PBXSourcesBuildPhase;
			buildActionMask = 2147483647;
			files = (
				90C6B8F420BDF9D000385068 /* ARMagicUITests.swift in Sources */,
			);
			runOnlyForDeploymentPostprocessing = 0;
		};
/* End PBXSourcesBuildPhase section */

/* Begin PBXTargetDependency section */
		90C6B8E620BDF9D000385068 /* PBXTargetDependency */ = {
			isa = PBXTargetDependency;
			target = 90C6B8CF20BDF9CF00385068 /* ARMagic */;
			targetProxy = 90C6B8E520BDF9D000385068 /* PBXContainerItemProxy */;
		};
		90C6B8F120BDF9D000385068 /* PBXTargetDependency */ = {
			isa = PBXTargetDependency;
			target = 90C6B8CF20BDF9CF00385068 /* ARMagic */;
			targetProxy = 90C6B8F020BDF9D000385068 /* PBXContainerItemProxy */;
		};
/* End PBXTargetDependency section */

/* Begin PBXVariantGroup section */
		90C6B8DC20BDF9D000385068 /* LaunchScreen.storyboard */ = {
			isa = PBXVariantGroup;
			children = (
				90C6B8DD20BDF9D000385068 /* Base */,
			);
			name = LaunchScreen.storyboard;
			sourceTree = "<group>";
		};
/* End PBXVariantGroup section */

/* Begin XCBuildConfiguration section */
		90C6B8F620BDF9D000385068 /* Debug */ = {
			isa = XCBuildConfiguration;
			buildSettings = {
				ALWAYS_SEARCH_USER_PATHS = NO;
				CLANG_ANALYZER_NONNULL = YES;
				CLANG_ANALYZER_NUMBER_OBJECT_CONVERSION = YES_AGGRESSIVE;
				CLANG_CXX_LANGUAGE_STANDARD = "gnu++14";
				CLANG_CXX_LIBRARY = "libc++";
				CLANG_ENABLE_MODULES = YES;
				CLANG_ENABLE_OBJC_ARC = YES;
				CLANG_ENABLE_OBJC_WEAK = YES;
				CLANG_WARN_BLOCK_CAPTURE_AUTORELEASING = YES;
				CLANG_WARN_BOOL_CONVERSION = YES;
				CLANG_WARN_COMMA = YES;
				CLANG_WARN_CONSTANT_CONVERSION = YES;
				CLANG_WARN_DEPRECATED_OBJC_IMPLEMENTATIONS = YES;
				CLANG_WARN_DIRECT_OBJC_ISA_USAGE = YES_ERROR;
				CLANG_WARN_DOCUMENTATION_COMMENTS = YES;
				CLANG_WARN_EMPTY_BODY = YES;
				CLANG_WARN_ENUM_CONVERSION = YES;
				CLANG_WARN_INFINITE_RECURSION = YES;
				CLANG_WARN_INT_CONVERSION = YES;
				CLANG_WARN_NON_LITERAL_NULL_CONVERSION = YES;
				CLANG_WARN_OBJC_IMPLICIT_RETAIN_SELF = YES;
				CLANG_WARN_OBJC_LITERAL_CONVERSION = YES;
				CLANG_WARN_OBJC_ROOT_CLASS = YES_ERROR;
				CLANG_WARN_RANGE_LOOP_ANALYSIS = YES;
				CLANG_WARN_STRICT_PROTOTYPES = YES;
				CLANG_WARN_SUSPICIOUS_MOVE = YES;
				CLANG_WARN_UNGUARDED_AVAILABILITY = YES_AGGRESSIVE;
				CLANG_WARN_UNREACHABLE_CODE = YES;
				CLANG_WARN__DUPLICATE_METHOD_MATCH = YES;
				CODE_SIGN_IDENTITY = "iPhone Developer";
				COPY_PHASE_STRIP = NO;
				DEBUG_INFORMATION_FORMAT = dwarf;
				ENABLE_STRICT_OBJC_MSGSEND = YES;
				ENABLE_TESTABILITY = YES;
				GCC_C_LANGUAGE_STANDARD = gnu11;
				GCC_DYNAMIC_NO_PIC = NO;
				GCC_NO_COMMON_BLOCKS = YES;
				GCC_OPTIMIZATION_LEVEL = 0;
				GCC_PREPROCESSOR_DEFINITIONS = (
					"DEBUG=1",
					"$(inherited)",
				);
				GCC_WARN_64_TO_32_BIT_CONVERSION = YES;
				GCC_WARN_ABOUT_RETURN_TYPE = YES_ERROR;
				GCC_WARN_UNDECLARED_SELECTOR = YES;
				GCC_WARN_UNINITIALIZED_AUTOS = YES_AGGRESSIVE;
				GCC_WARN_UNUSED_FUNCTION = YES;
				GCC_WARN_UNUSED_VARIABLE = YES;
				IPHONEOS_DEPLOYMENT_TARGET = 11.4;
				MTL_ENABLE_DEBUG_INFO = YES;
				ONLY_ACTIVE_ARCH = YES;
				SDKROOT = iphoneos;
				SWIFT_ACTIVE_COMPILATION_CONDITIONS = DEBUG;
				SWIFT_OPTIMIZATION_LEVEL = "-Onone";
			};
			name = Debug;
		};
		90C6B8F720BDF9D000385068 /* Release */ = {
			isa = XCBuildConfiguration;
			buildSettings = {
				ALWAYS_SEARCH_USER_PATHS = NO;
				CLANG_ANALYZER_NONNULL = YES;
				CLANG_ANALYZER_NUMBER_OBJECT_CONVERSION = YES_AGGRESSIVE;
				CLANG_CXX_LANGUAGE_STANDARD = "gnu++14";
				CLANG_CXX_LIBRARY = "libc++";
				CLANG_ENABLE_MODULES = YES;
				CLANG_ENABLE_OBJC_ARC = YES;
				CLANG_ENABLE_OBJC_WEAK = YES;
				CLANG_WARN_BLOCK_CAPTURE_AUTORELEASING = YES;
				CLANG_WARN_BOOL_CONVERSION = YES;
				CLANG_WARN_COMMA = YES;
				CLANG_WARN_CONSTANT_CONVERSION = YES;
				CLANG_WARN_DEPRECATED_OBJC_IMPLEMENTATIONS = YES;
				CLANG_WARN_DIRECT_OBJC_ISA_USAGE = YES_ERROR;
				CLANG_WARN_DOCUMENTATION_COMMENTS = YES;
				CLANG_WARN_EMPTY_BODY = YES;
				CLANG_WARN_ENUM_CONVERSION = YES;
				CLANG_WARN_INFINITE_RECURSION = YES;
				CLANG_WARN_INT_CONVERSION = YES;
				CLANG_WARN_NON_LITERAL_NULL_CONVERSION = YES;
				CLANG_WARN_OBJC_IMPLICIT_RETAIN_SELF = YES;
				CLANG_WARN_OBJC_LITERAL_CONVERSION = YES;
				CLANG_WARN_OBJC_ROOT_CLASS = YES_ERROR;
				CLANG_WARN_RANGE_LOOP_ANALYSIS = YES;
				CLANG_WARN_STRICT_PROTOTYPES = YES;
				CLANG_WARN_SUSPICIOUS_MOVE = YES;
				CLANG_WARN_UNGUARDED_AVAILABILITY = YES_AGGRESSIVE;
				CLANG_WARN_UNREACHABLE_CODE = YES;
				CLANG_WARN__DUPLICATE_METHOD_MATCH = YES;
				CODE_SIGN_IDENTITY = "iPhone Developer";
				COPY_PHASE_STRIP = NO;
				DEBUG_INFORMATION_FORMAT = "dwarf-with-dsym";
				ENABLE_NS_ASSERTIONS = NO;
				ENABLE_STRICT_OBJC_MSGSEND = YES;
				GCC_C_LANGUAGE_STANDARD = gnu11;
				GCC_NO_COMMON_BLOCKS = YES;
				GCC_WARN_64_TO_32_BIT_CONVERSION = YES;
				GCC_WARN_ABOUT_RETURN_TYPE = YES_ERROR;
				GCC_WARN_UNDECLARED_SELECTOR = YES;
				GCC_WARN_UNINITIALIZED_AUTOS = YES_AGGRESSIVE;
				GCC_WARN_UNUSED_FUNCTION = YES;
				GCC_WARN_UNUSED_VARIABLE = YES;
				IPHONEOS_DEPLOYMENT_TARGET = 11.4;
				MTL_ENABLE_DEBUG_INFO = NO;
				SDKROOT = iphoneos;
				SWIFT_COMPILATION_MODE = wholemodule;
				SWIFT_OPTIMIZATION_LEVEL = "-O";
				VALIDATE_PRODUCT = YES;
			};
			name = Release;
		};
		90C6B8F920BDF9D000385068 /* Debug */ = {
			isa = XCBuildConfiguration;
			baseConfigurationReference = 063AA0754C1D5F7D917F2FAD /* Pods-ARMagic.debug.xcconfig */;
			buildSettings = {
				ASSETCATALOG_COMPILER_APPICON_NAME = AppIcon;
				CODE_SIGN_STYLE = Automatic;
				DEVELOPMENT_TEAM = M369X928N8;
				INFOPLIST_FILE = ARMagic/Info.plist;
				LD_RUNPATH_SEARCH_PATHS = (
					"$(inherited)",
					"@executable_path/Frameworks",
				);
				PRODUCT_BUNDLE_IDENTIFIER = Derek.ARMagic;
				PRODUCT_NAME = "$(TARGET_NAME)";
				SWIFT_VERSION = 4.0;
				TARGETED_DEVICE_FAMILY = "1,2";
			};
			name = Debug;
		};
		90C6B8FA20BDF9D000385068 /* Release */ = {
			isa = XCBuildConfiguration;
			baseConfigurationReference = 0F93AEB073EC975A3CFF41BF /* Pods-ARMagic.release.xcconfig */;
			buildSettings = {
				ASSETCATALOG_COMPILER_APPICON_NAME = AppIcon;
				CODE_SIGN_STYLE = Automatic;
				DEVELOPMENT_TEAM = M369X928N8;
				INFOPLIST_FILE = ARMagic/Info.plist;
				LD_RUNPATH_SEARCH_PATHS = (
					"$(inherited)",
					"@executable_path/Frameworks",
				);
				PRODUCT_BUNDLE_IDENTIFIER = Derek.ARMagic;
				PRODUCT_NAME = "$(TARGET_NAME)";
				SWIFT_VERSION = 4.0;
				TARGETED_DEVICE_FAMILY = "1,2";
			};
			name = Release;
		};
		90C6B8FC20BDF9D000385068 /* Debug */ = {
			isa = XCBuildConfiguration;
			baseConfigurationReference = DC7C699E2FB597E5D9851DF2 /* Pods-ARMagicTests.debug.xcconfig */;
			buildSettings = {
				ALWAYS_EMBED_SWIFT_STANDARD_LIBRARIES = YES;
				BUNDLE_LOADER = "$(TEST_HOST)";
				CODE_SIGN_STYLE = Automatic;
				DEVELOPMENT_TEAM = M369X928N8;
				INFOPLIST_FILE = ARMagicTests/Info.plist;
				LD_RUNPATH_SEARCH_PATHS = (
					"$(inherited)",
					"@executable_path/Frameworks",
					"@loader_path/Frameworks",
				);
				PRODUCT_BUNDLE_IDENTIFIER = Derek.ARMagicTests;
				PRODUCT_NAME = "$(TARGET_NAME)";
				SWIFT_VERSION = 4.0;
				TARGETED_DEVICE_FAMILY = "1,2";
				TEST_HOST = "$(BUILT_PRODUCTS_DIR)/ARMagic.app/ARMagic";
			};
			name = Debug;
		};
		90C6B8FD20BDF9D000385068 /* Release */ = {
			isa = XCBuildConfiguration;
			baseConfigurationReference = B0A1B5861F4FAF4DDA088338 /* Pods-ARMagicTests.release.xcconfig */;
			buildSettings = {
				ALWAYS_EMBED_SWIFT_STANDARD_LIBRARIES = YES;
				BUNDLE_LOADER = "$(TEST_HOST)";
				CODE_SIGN_STYLE = Automatic;
				DEVELOPMENT_TEAM = M369X928N8;
				INFOPLIST_FILE = ARMagicTests/Info.plist;
				LD_RUNPATH_SEARCH_PATHS = (
					"$(inherited)",
					"@executable_path/Frameworks",
					"@loader_path/Frameworks",
				);
				PRODUCT_BUNDLE_IDENTIFIER = Derek.ARMagicTests;
				PRODUCT_NAME = "$(TARGET_NAME)";
				SWIFT_VERSION = 4.0;
				TARGETED_DEVICE_FAMILY = "1,2";
				TEST_HOST = "$(BUILT_PRODUCTS_DIR)/ARMagic.app/ARMagic";
			};
			name = Release;
		};
		90C6B8FF20BDF9D000385068 /* Debug */ = {
			isa = XCBuildConfiguration;
			baseConfigurationReference = 49347719327DE9691732EC2B /* Pods-ARMagicUITests.debug.xcconfig */;
			buildSettings = {
				ALWAYS_EMBED_SWIFT_STANDARD_LIBRARIES = YES;
				CODE_SIGN_STYLE = Automatic;
				DEVELOPMENT_TEAM = M369X928N8;
				INFOPLIST_FILE = ARMagicUITests/Info.plist;
				LD_RUNPATH_SEARCH_PATHS = (
					"$(inherited)",
					"@executable_path/Frameworks",
					"@loader_path/Frameworks",
				);
				PRODUCT_BUNDLE_IDENTIFIER = Derek.ARMagicUITests;
				PRODUCT_NAME = "$(TARGET_NAME)";
				SWIFT_VERSION = 4.0;
				TARGETED_DEVICE_FAMILY = "1,2";
				TEST_TARGET_NAME = ARMagic;
			};
			name = Debug;
		};
		90C6B90020BDF9D000385068 /* Release */ = {
			isa = XCBuildConfiguration;
			baseConfigurationReference = 132E48834202CE547DD3D70A /* Pods-ARMagicUITests.release.xcconfig */;
			buildSettings = {
				ALWAYS_EMBED_SWIFT_STANDARD_LIBRARIES = YES;
				CODE_SIGN_STYLE = Automatic;
				DEVELOPMENT_TEAM = M369X928N8;
				INFOPLIST_FILE = ARMagicUITests/Info.plist;
				LD_RUNPATH_SEARCH_PATHS = (
					"$(inherited)",
					"@executable_path/Frameworks",
					"@loader_path/Frameworks",
				);
				PRODUCT_BUNDLE_IDENTIFIER = Derek.ARMagicUITests;
				PRODUCT_NAME = "$(TARGET_NAME)";
				SWIFT_VERSION = 4.0;
				TARGETED_DEVICE_FAMILY = "1,2";
				TEST_TARGET_NAME = ARMagic;
			};
			name = Release;
		};
/* End XCBuildConfiguration section */

/* Begin XCConfigurationList section */
		90C6B8CB20BDF9CF00385068 /* Build configuration list for PBXProject "ARMagic" */ = {
			isa = XCConfigurationList;
			buildConfigurations = (
				90C6B8F620BDF9D000385068 /* Debug */,
				90C6B8F720BDF9D000385068 /* Release */,
			);
			defaultConfigurationIsVisible = 0;
			defaultConfigurationName = Release;
		};
		90C6B8F820BDF9D000385068 /* Build configuration list for PBXNativeTarget "ARMagic" */ = {
			isa = XCConfigurationList;
			buildConfigurations = (
				90C6B8F920BDF9D000385068 /* Debug */,
				90C6B8FA20BDF9D000385068 /* Release */,
			);
			defaultConfigurationIsVisible = 0;
			defaultConfigurationName = Release;
		};
		90C6B8FB20BDF9D000385068 /* Build configuration list for PBXNativeTarget "ARMagicTests" */ = {
			isa = XCConfigurationList;
			buildConfigurations = (
				90C6B8FC20BDF9D000385068 /* Debug */,
				90C6B8FD20BDF9D000385068 /* Release */,
			);
			defaultConfigurationIsVisible = 0;
			defaultConfigurationName = Release;
		};
		90C6B8FE20BDF9D000385068 /* Build configuration list for PBXNativeTarget "ARMagicUITests" */ = {
			isa = XCConfigurationList;
			buildConfigurations = (
				90C6B8FF20BDF9D000385068 /* Debug */,
				90C6B90020BDF9D000385068 /* Release */,
			);
			defaultConfigurationIsVisible = 0;
			defaultConfigurationName = Release;
		};
/* End XCConfigurationList section */
	};
	rootObject = 90C6B8C820BDF9CF00385068 /* Project object */;
}
